
Microsoft Visual Studio Solution File, Format Version 12.00
# Visual Studio Version 17
VisualStudioVersion = 17.5.002.0
MinimumVisualStudioVersion = 10.0.40219.1
Project("{9A19103F-16F7-4668-BE54-9A1E7A4F7556}") = "uri1000", "uri1000\uri1000.csproj", "{55EAC09E-FB22-4F54-A0E4-A6FE1706BE32}"
EndProject
Project("{9A19103F-16F7-4668-BE54-9A1E7A4F7556}") = "uri1001", "uri1001\uri1001.csproj", "{CE3CC35F-FEDD-4EE7-A27C-C4854678A69B}"
EndProject
Project("{9A19103F-16F7-4668-BE54-9A1E7A4F7556}") = "uri1002", "uri1002\uri1002.csproj", "{039DDA0C-7638-486C-ADE2-D986870950C4}"
EndProject
Project("{9A19103F-16F7-4668-BE54-9A1E7A4F7556}") = "uri1003", "uri1003\uri1003.csproj", "{F4F9AC89-87DF-4ACA-B008-7BFFB5C5D847}"
EndProject
Project("{9A19103F-16F7-4668-BE54-9A1E7A4F7556}") = "uri1004", "uri1004\uri1004.csproj", "{E879F3DC-9893-44D0-974A-BFE558EF568A}"
EndProject
Project("{9A19103F-16F7-4668-BE54-9A1E7A4F7556}") = "uri1005", "uri1005\uri1005.csproj", "{B67EBCB2-1D83-454F-855C-0771912173FB}"
EndProject
Project("{9A19103F-16F7-4668-BE54-9A1E7A4F7556}") = "uri1006", "uri1006\uri1006.csproj", "{18A076E3-2B7E-433A-8F51-E5EA25780792}"
EndProject
Project("{9A19103F-16F7-4668-BE54-9A1E7A4F7556}") = "uri1007", "uri1007\uri1007.csproj", "{2D481F61-FF92-4CE8-B362-91CABDEBC15B}"
EndProject
Project("{9A19103F-16F7-4668-BE54-9A1E7A4F7556}") = "uri1008", "uri1008\uri1008.csproj", "{AA4F9B1F-73CC-4860-8A66-C8CB7EB60AAD}"
EndProject
Project("{9A19103F-16F7-4668-BE54-9A1E7A4F7556}") = "uri1009", "uri1009\uri1009.csproj", "{F27AE08F-2919-48A0-AA2C-4C6A6D707E41}"
EndProject
Project("{9A19103F-16F7-4668-BE54-9A1E7A4F7556}") = "uri1010", "uri1010\uri1010.csproj", "{05A976A6-A565-4C34-A522-006EBD221345}"
EndProject
Project("{9A19103F-16F7-4668-BE54-9A1E7A4F7556}") = "uri1011", "uri1011\uri1011.csproj", "{F1A66B94-B0DB-455B-A1F6-7F45558016DB}"
EndProject
Project("{9A19103F-16F7-4668-BE54-9A1E7A4F7556}") = "uri1012", "uri1012\uri1012.csproj", "{3BC7DA02-7EA3-4792-AEB0-57097C43F744}"
EndProject
Project("{9A19103F-16F7-4668-BE54-9A1E7A4F7556}") = "uri1013", "uri1013\uri1013.csproj", "{5F481DB8-BE11-4EB0-9451-A2B6FC1BFCDC}"
EndProject
Project("{9A19103F-16F7-4668-BE54-9A1E7A4F7556}") = "uri1014", "uri1014\uri1014.csproj", "{7F5D852A-1AC0-4E34-BE68-15CA7BEAA147}"
EndProject
Project("{9A19103F-16F7-4668-BE54-9A1E7A4F7556}") = "uri1015", "uri1015\uri1015.csproj", "{766FCCAA-4969-4CB4-90F1-6D730638C187}"
EndProject
Project("{9A19103F-16F7-4668-BE54-9A1E7A4F7556}") = "uri1016", "uri1016\uri1016.csproj", "{B15572AD-9FD6-4C52-BB48-0FD97BEF28AF}"
EndProject
Project("{9A19103F-16F7-4668-BE54-9A1E7A4F7556}") = "uri1017", "uri1017\uri1017.csproj", "{81F25844-5D31-44D7-BF6C-97ED193F45E2}"
EndProject
Project("{9A19103F-16F7-4668-BE54-9A1E7A4F7556}") = "uri1018", "uri1018\uri1018.csproj", "{1094C038-0997-45FF-BE4D-B9FC35021500}"
EndProject
Project("{9A19103F-16F7-4668-BE54-9A1E7A4F7556}") = "uri1019", "uri1019\uri1019.csproj", "{09316F46-428F-4CB5-A348-E82D2871670A}"
EndProject
Project("{9A19103F-16F7-4668-BE54-9A1E7A4F7556}") = "uri1020", "uri1020\uri1020.csproj", "{0D01488E-49FB-4031-8335-0A9787D6412C}"
EndProject
Project("{9A19103F-16F7-4668-BE54-9A1E7A4F7556}") = "uri1021", "uri1021\uri1021.csproj", "{214C7838-4899-469A-8D89-01E7D1FD8219}"
EndProject
Global
	GlobalSection(SolutionConfigurationPlatforms) = preSolution
		Debug|Any CPU = Debug|Any CPU
		Release|Any CPU = Release|Any CPU
	EndGlobalSection
	GlobalSection(ProjectConfigurationPlatforms) = postSolution
		{55EAC09E-FB22-4F54-A0E4-A6FE1706BE32}.Debug|Any CPU.ActiveCfg = Debug|Any CPU
		{55EAC09E-FB22-4F54-A0E4-A6FE1706BE32}.Debug|Any CPU.Build.0 = Debug|Any CPU
		{55EAC09E-FB22-4F54-A0E4-A6FE1706BE32}.Release|Any CPU.ActiveCfg = Release|Any CPU
		{55EAC09E-FB22-4F54-A0E4-A6FE1706BE32}.Release|Any CPU.Build.0 = Release|Any CPU
		{CE3CC35F-FEDD-4EE7-A27C-C4854678A69B}.Debug|Any CPU.ActiveCfg = Debug|Any CPU
		{CE3CC35F-FEDD-4EE7-A27C-C4854678A69B}.Debug|Any CPU.Build.0 = Debug|Any CPU
		{CE3CC35F-FEDD-4EE7-A27C-C4854678A69B}.Release|Any CPU.ActiveCfg = Release|Any CPU
		{CE3CC35F-FEDD-4EE7-A27C-C4854678A69B}.Release|Any CPU.Build.0 = Release|Any CPU
		{039DDA0C-7638-486C-ADE2-D986870950C4}.Debug|Any CPU.ActiveCfg = Debug|Any CPU
		{039DDA0C-7638-486C-ADE2-D986870950C4}.Debug|Any CPU.Build.0 = Debug|Any CPU
		{039DDA0C-7638-486C-ADE2-D986870950C4}.Release|Any CPU.ActiveCfg = Release|Any CPU
		{039DDA0C-7638-486C-ADE2-D986870950C4}.Release|Any CPU.Build.0 = Release|Any CPU
		{F4F9AC89-87DF-4ACA-B008-7BFFB5C5D847}.Debug|Any CPU.ActiveCfg = Debug|Any CPU
		{F4F9AC89-87DF-4ACA-B008-7BFFB5C5D847}.Debug|Any CPU.Build.0 = Debug|Any CPU
		{F4F9AC89-87DF-4ACA-B008-7BFFB5C5D847}.Release|Any CPU.ActiveCfg = Release|Any CPU
		{F4F9AC89-87DF-4ACA-B008-7BFFB5C5D847}.Release|Any CPU.Build.0 = Release|Any CPU
		{E879F3DC-9893-44D0-974A-BFE558EF568A}.Debug|Any CPU.ActiveCfg = Debug|Any CPU
		{E879F3DC-9893-44D0-974A-BFE558EF568A}.Debug|Any CPU.Build.0 = Debug|Any CPU
		{E879F3DC-9893-44D0-974A-BFE558EF568A}.Release|Any CPU.ActiveCfg = Release|Any CPU
		{E879F3DC-9893-44D0-974A-BFE558EF568A}.Release|Any CPU.Build.0 = Release|Any CPU
		{B67EBCB2-1D83-454F-855C-0771912173FB}.Debug|Any CPU.ActiveCfg = Debug|Any CPU
		{B67EBCB2-1D83-454F-855C-0771912173FB}.Debug|Any CPU.Build.0 = Debug|Any CPU
		{B67EBCB2-1D83-454F-855C-0771912173FB}.Release|Any CPU.ActiveCfg = Release|Any CPU
		{B67EBCB2-1D83-454F-855C-0771912173FB}.Release|Any CPU.Build.0 = Release|Any CPU
		{18A076E3-2B7E-433A-8F51-E5EA25780792}.Debug|Any CPU.ActiveCfg = Debug|Any CPU
		{18A076E3-2B7E-433A-8F51-E5EA25780792}.Debug|Any CPU.Build.0 = Debug|Any CPU
		{18A076E3-2B7E-433A-8F51-E5EA25780792}.Release|Any CPU.ActiveCfg = Release|Any CPU
		{18A076E3-2B7E-433A-8F51-E5EA25780792}.Release|Any CPU.Build.0 = Release|Any CPU
		{2D481F61-FF92-4CE8-B362-91CABDEBC15B}.Debug|Any CPU.ActiveCfg = Debug|Any CPU
		{2D481F61-FF92-4CE8-B362-91CABDEBC15B}.Debug|Any CPU.Build.0 = Debug|Any CPU
		{2D481F61-FF92-4CE8-B362-91CABDEBC15B}.Release|Any CPU.ActiveCfg = Release|Any CPU
		{2D481F61-FF92-4CE8-B362-91CABDEBC15B}.Release|Any CPU.Build.0 = Release|Any CPU
		{AA4F9B1F-73CC-4860-8A66-C8CB7EB60AAD}.Debug|Any CPU.ActiveCfg = Debug|Any CPU
		{AA4F9B1F-73CC-4860-8A66-C8CB7EB60AAD}.Debug|Any CPU.Build.0 = Debug|Any CPU
		{AA4F9B1F-73CC-4860-8A66-C8CB7EB60AAD}.Release|Any CPU.ActiveCfg = Release|Any CPU
		{AA4F9B1F-73CC-4860-8A66-C8CB7EB60AAD}.Release|Any CPU.Build.0 = Release|Any CPU
		{F27AE08F-2919-48A0-AA2C-4C6A6D707E41}.Debug|Any CPU.ActiveCfg = Debug|Any CPU
		{F27AE08F-2919-48A0-AA2C-4C6A6D707E41}.Debug|Any CPU.Build.0 = Debug|Any CPU
		{F27AE08F-2919-48A0-AA2C-4C6A6D707E41}.Release|Any CPU.ActiveCfg = Release|Any CPU
		{F27AE08F-2919-48A0-AA2C-4C6A6D707E41}.Release|Any CPU.Build.0 = Release|Any CPU
		{05A976A6-A565-4C34-A522-006EBD221345}.Debug|Any CPU.ActiveCfg = Debug|Any CPU
		{05A976A6-A565-4C34-A522-006EBD221345}.Debug|Any CPU.Build.0 = Debug|Any CPU
		{05A976A6-A565-4C34-A522-006EBD221345}.Release|Any CPU.ActiveCfg = Release|Any CPU
		{05A976A6-A565-4C34-A522-006EBD221345}.Release|Any CPU.Build.0 = Release|Any CPU
		{F1A66B94-B0DB-455B-A1F6-7F45558016DB}.Debug|Any CPU.ActiveCfg = Debug|Any CPU
		{F1A66B94-B0DB-455B-A1F6-7F45558016DB}.Debug|Any CPU.Build.0 = Debug|Any CPU
		{F1A66B94-B0DB-455B-A1F6-7F45558016DB}.Release|Any CPU.ActiveCfg = Release|Any CPU
		{F1A66B94-B0DB-455B-A1F6-7F45558016DB}.Release|Any CPU.Build.0 = Release|Any CPU
		{3BC7DA02-7EA3-4792-AEB0-57097C43F744}.Debug|Any CPU.ActiveCfg = Debug|Any CPU
		{3BC7DA02-7EA3-4792-AEB0-57097C43F744}.Debug|Any CPU.Build.0 = Debug|Any CPU
		{3BC7DA02-7EA3-4792-AEB0-57097C43F744}.Release|Any CPU.ActiveCfg = Release|Any CPU
		{3BC7DA02-7EA3-4792-AEB0-57097C43F744}.Release|Any CPU.Build.0 = Release|Any CPU
		{5F481DB8-BE11-4EB0-9451-A2B6FC1BFCDC}.Debug|Any CPU.ActiveCfg = Debug|Any CPU
		{5F481DB8-BE11-4EB0-9451-A2B6FC1BFCDC}.Debug|Any CPU.Build.0 = Debug|Any CPU
		{5F481DB8-BE11-4EB0-9451-A2B6FC1BFCDC}.Release|Any CPU.ActiveCfg = Release|Any CPU
		{5F481DB8-BE11-4EB0-9451-A2B6FC1BFCDC}.Release|Any CPU.Build.0 = Release|Any CPU
		{7F5D852A-1AC0-4E34-BE68-15CA7BEAA147}.Debug|Any CPU.ActiveCfg = Debug|Any CPU
		{7F5D852A-1AC0-4E34-BE68-15CA7BEAA147}.Debug|Any CPU.Build.0 = Debug|Any CPU
		{7F5D852A-1AC0-4E34-BE68-15CA7BEAA147}.Release|Any CPU.ActiveCfg = Release|Any CPU
		{7F5D852A-1AC0-4E34-BE68-15CA7BEAA147}.Release|Any CPU.Build.0 = Release|Any CPU
		{766FCCAA-4969-4CB4-90F1-6D730638C187}.Debug|Any CPU.ActiveCfg = Debug|Any CPU
		{766FCCAA-4969-4CB4-90F1-6D730638C187}.Debug|Any CPU.Build.0 = Debug|Any CPU
		{766FCCAA-4969-4CB4-90F1-6D730638C187}.Release|Any CPU.ActiveCfg = Release|Any CPU
		{766FCCAA-4969-4CB4-90F1-6D730638C187}.Release|Any CPU.Build.0 = Release|Any CPU
		{B15572AD-9FD6-4C52-BB48-0FD97BEF28AF}.Debug|Any CPU.ActiveCfg = Debug|Any CPU
		{B15572AD-9FD6-4C52-BB48-0FD97BEF28AF}.Debug|Any CPU.Build.0 = Debug|Any CPU
		{B15572AD-9FD6-4C52-BB48-0FD97BEF28AF}.Release|Any CPU.ActiveCfg = Release|Any CPU
		{B15572AD-9FD6-4C52-BB48-0FD97BEF28AF}.Release|Any CPU.Build.0 = Release|Any CPU
		{81F25844-5D31-44D7-BF6C-97ED193F45E2}.Debug|Any CPU.ActiveCfg = Debug|Any CPU
		{81F25844-5D31-44D7-BF6C-97ED193F45E2}.Debug|Any CPU.Build.0 = Debug|Any CPU
		{81F25844-5D31-44D7-BF6C-97ED193F45E2}.Release|Any CPU.ActiveCfg = Release|Any CPU
		{81F25844-5D31-44D7-BF6C-97ED193F45E2}.Release|Any CPU.Build.0 = Release|Any CPU
		{1094C038-0997-45FF-BE4D-B9FC35021500}.Debug|Any CPU.ActiveCfg = Debug|Any CPU
		{1094C038-0997-45FF-BE4D-B9FC35021500}.Debug|Any CPU.Build.0 = Debug|Any CPU
		{1094C038-0997-45FF-BE4D-B9FC35021500}.Release|Any CPU.ActiveCfg = Release|Any CPU
		{1094C038-0997-45FF-BE4D-B9FC35021500}.Release|Any CPU.Build.0 = Release|Any CPU
		{09316F46-428F-4CB5-A348-E82D2871670A}.Debug|Any CPU.ActiveCfg = Debug|Any CPU
		{09316F46-428F-4CB5-A348-E82D2871670A}.Debug|Any CPU.Build.0 = Debug|Any CPU
		{09316F46-428F-4CB5-A348-E82D2871670A}.Release|Any CPU.ActiveCfg = Release|Any CPU
		{09316F46-428F-4CB5-A348-E82D2871670A}.Release|Any CPU.Build.0 = Release|Any CPU
		{0D01488E-49FB-4031-8335-0A9787D6412C}.Debug|Any CPU.ActiveCfg = Debug|Any CPU
		{0D01488E-49FB-4031-8335-0A9787D6412C}.Debug|Any CPU.Build.0 = Debug|Any CPU
		{0D01488E-49FB-4031-8335-0A9787D6412C}.Release|Any CPU.ActiveCfg = Release|Any CPU
		{0D01488E-49FB-4031-8335-0A9787D6412C}.Release|Any CPU.Build.0 = Release|Any CPU
		{214C7838-4899-469A-8D89-01E7D1FD8219}.Debug|Any CPU.ActiveCfg = Debug|Any CPU
		{214C7838-4899-469A-8D89-01E7D1FD8219}.Debug|Any CPU.Build.0 = Debug|Any CPU
		{214C7838-4899-469A-8D89-01E7D1FD8219}.Release|Any CPU.ActiveCfg = Release|Any CPU
		{214C7838-4899-469A-8D89-01E7D1FD8219}.Release|Any CPU.Build.0 = Release|Any CPU
	EndGlobalSection
	GlobalSection(SolutionProperties) = preSolution
		HideSolutionNode = FALSE
	EndGlobalSection
	GlobalSection(ExtensibilityGlobals) = postSolution
		SolutionGuid = {E11A680D-DC33-4814-ABAF-E0BCF3CB5985}
	EndGlobalSection
EndGlobal
